# Pin phiên bản các module (HANDOFF §19). Cập nhật bằng tay khi nâng version, kèm ghi chú trong commit.
# name  path  branch  sha  remote
ContentFlow          modules/ContentFlow          main  f3126f0457df457162f7f48d0d17131eef2f18c9  git@home.com:giaminhNguyen/ContentFlow.git
oh-story-claudecode  modules/oh-story-claudecode  main  a8dc6749b830f53055958cf328558c53c7404c3c  git@home.com:giaminhNguyen/oh-story-claudecode.git
yt_uploader          modules/yt_uploader          main  cfcc45de0aa83529888034ec7222343721bc1572  git@home.com:giaminhNguyen/yt_uploader.git
