# Pin phiên bản các module (HANDOFF §19). Cập nhật bằng tay khi nâng version, kèm ghi chú trong commit.
# name  path  branch  sha  remote
# ContentFlow: từ 5f9be9e có hệ thống template (templating/, Phase 10); từ 282d6d0 có delete_template (D-110, CHƯA push lên remote lúc ghi)
ContentFlow          modules/ContentFlow          main  282d6d0554482bea71af03f627ab57b0f8632191  git@home.com:giaminhNguyen/ContentFlow.git
oh-story-claudecode  modules/oh-story-claudecode  main  a8dc6749b830f53055958cf328558c53c7404c3c  git@home.com:giaminhNguyen/oh-story-claudecode.git
yt_uploader          modules/yt_uploader          main  cfcc45de0aa83529888034ec7222343721bc1572  git@home.com:giaminhNguyen/yt_uploader.git
# Subtitle_supperVip: nhánh 'Update'. Cây làm việc có 3 file đã stage chưa commit (README.md sửa; dev.ps1, start.ps1 thêm);
# code backend khớp HEAD. Không clone được từ remote trên máy audit (SSH bị từ chối) nên dùng bản local Desktop/GIT/Subtitle_supperVip.
Subtitle_supperVip   modules/Subtitle_supperVip   Update  3d9281f010424dc4807e76f8bd443ddb50fb3694  git@home.com:giaminhNguyen/Subtitle_supperVip.git
